
Microsoft Visual Studio Solution File, Format Version 12.00
# Visual Studio Version 17
VisualStudioVersion = 17.11.35303.130
MinimumVisualStudioVersion = 10.0.40219.1
Project("{FAE04EC0-301F-11D3-BF4B-00C04F79EFBC}") = "laboratorna6_schedrov", "laboratorna6_schedrov\laboratorna6_schedrov.csproj", "{D4CE0048-5B97-4C45-816A-495F6EC84A6F}"
EndProject
Global
	GlobalSection(SolutionConfigurationPlatforms) = preSolution
		Debug|Any CPU = Debug|Any CPU
		Release|Any CPU = Release|Any CPU
	EndGlobalSection
	GlobalSection(ProjectConfigurationPlatforms) = postSolution
		{D4CE0048-5B97-4C45-816A-495F6EC84A6F}.Debug|Any CPU.ActiveCfg = Debug|Any CPU
		{D4CE0048-5B97-4C45-816A-495F6EC84A6F}.Debug|Any CPU.Build.0 = Debug|Any CPU
		{D4CE0048-5B97-4C45-816A-495F6EC84A6F}.Release|Any CPU.ActiveCfg = Release|Any CPU
		{D4CE0048-5B97-4C45-816A-495F6EC84A6F}.Release|Any CPU.Build.0 = Release|Any CPU
	EndGlobalSection
	GlobalSection(SolutionProperties) = preSolution
		HideSolutionNode = FALSE
	EndGlobalSection
	GlobalSection(ExtensibilityGlobals) = postSolution
		SolutionGuid = {E680D371-71E7-40E9-B547-46D1A21B0027}
	EndGlobalSection
EndGlobal
